
Microsoft Visual Studio Solution File, Format Version 12.00
# Visual Studio Version 16
VisualStudioVersion = 16.0.30523.141
MinimumVisualStudioVersion = 10.0.40219.1
Project("{FAE04EC0-301F-11D3-BF4B-00C04F79EFBC}") = "ADE-SynologyAPI", "ADE-SynologyAPI\ADE-SynologyAPI.csproj", "{D19FB54E-B779-4433-A223-F70630191943}"
EndProject
Global
	GlobalSection(SolutionConfigurationPlatforms) = preSolution
		Debug|Any CPU = Debug|Any CPU
		Release|Any CPU = Release|Any CPU
	EndGlobalSection
	GlobalSection(ProjectConfigurationPlatforms) = postSolution
		{D19FB54E-B779-4433-A223-F70630191943}.Debug|Any CPU.ActiveCfg = Debug|Any CPU
		{D19FB54E-B779-4433-A223-F70630191943}.Debug|Any CPU.Build.0 = Debug|Any CPU
		{D19FB54E-B779-4433-A223-F70630191943}.Release|Any CPU.ActiveCfg = Release|Any CPU
		{D19FB54E-B779-4433-A223-F70630191943}.Release|Any CPU.Build.0 = Release|Any CPU
	EndGlobalSection
	GlobalSection(SolutionProperties) = preSolution
		HideSolutionNode = FALSE
	EndGlobalSection
	GlobalSection(ExtensibilityGlobals) = postSolution
		SolutionGuid = {CB34BE76-6CB4-4D17-BAE8-70BBAB58D5F2}
	EndGlobalSection
EndGlobal
